
Microsoft Visual Studio Solution File, Format Version 12.00
# Visual Studio 14
VisualStudioVersion = 14.0.25420.1
MinimumVisualStudioVersion = 10.0.40219.1
Project("{FAE04EC0-301F-11D3-BF4B-00C04F79EFBC}") = "KerNET", "KerNET\KerNET.csproj", "{D16FD0C3-E21F-49FC-B8D8-A77C8E959F0A}"
EndProject
Project("{8BC9CEB8-8B4A-11D0-8D11-00A0C91BC942}") = "ExploitCapcom", "ExploitCapcom\ExploitCapcom\ExploitCapcom\ExploitCapcom.vcxproj", "{C73A8BE0-A7D0-4042-8545-1EBD49FC933C}"
EndProject
Global
	GlobalSection(SolutionConfigurationPlatforms) = preSolution
		Debug|Any CPU = Debug|Any CPU
		Debug|x64 = Debug|x64
		Release|Any CPU = Release|Any CPU
		Release|x64 = Release|x64
	EndGlobalSection
	GlobalSection(ProjectConfigurationPlatforms) = postSolution
		{D16FD0C3-E21F-49FC-B8D8-A77C8E959F0A}.Debug|Any CPU.ActiveCfg = Debug|Any CPU
		{D16FD0C3-E21F-49FC-B8D8-A77C8E959F0A}.Debug|Any CPU.Build.0 = Debug|Any CPU
		{D16FD0C3-E21F-49FC-B8D8-A77C8E959F0A}.Debug|x64.ActiveCfg = Debug|Any CPU
		{D16FD0C3-E21F-49FC-B8D8-A77C8E959F0A}.Debug|x64.Build.0 = Debug|Any CPU
		{D16FD0C3-E21F-49FC-B8D8-A77C8E959F0A}.Release|Any CPU.ActiveCfg = Release|Any CPU
		{D16FD0C3-E21F-49FC-B8D8-A77C8E959F0A}.Release|Any CPU.Build.0 = Release|Any CPU
		{D16FD0C3-E21F-49FC-B8D8-A77C8E959F0A}.Release|x64.ActiveCfg = Release|Any CPU
		{D16FD0C3-E21F-49FC-B8D8-A77C8E959F0A}.Release|x64.Build.0 = Release|Any CPU
		{C73A8BE0-A7D0-4042-8545-1EBD49FC933C}.Debug|Any CPU.ActiveCfg = Debug|x64
		{C73A8BE0-A7D0-4042-8545-1EBD49FC933C}.Debug|x64.ActiveCfg = Debug|x64
		{C73A8BE0-A7D0-4042-8545-1EBD49FC933C}.Debug|x64.Build.0 = Debug|x64
		{C73A8BE0-A7D0-4042-8545-1EBD49FC933C}.Release|Any CPU.ActiveCfg = Release|x64
		{C73A8BE0-A7D0-4042-8545-1EBD49FC933C}.Release|x64.ActiveCfg = Release|x64
		{C73A8BE0-A7D0-4042-8545-1EBD49FC933C}.Release|x64.Build.0 = Release|x64
	EndGlobalSection
	GlobalSection(SolutionProperties) = preSolution
		HideSolutionNode = FALSE
	EndGlobalSection
EndGlobal
